
Microsoft Visual Studio Solution File, Format Version 12.00
# Visual Studio Version 17
VisualStudioVersion = 17.11.35327.3
MinimumVisualStudioVersion = 10.0.40219.1
Project("{9A19103F-16F7-4668-BE54-9A1E7A4F7556}") = "Question 1", "Assignment 1 - GreivinWen\Question 1.csproj", "{6583F2C2-C4CC-4864-8812-E8E01DFD6B52}"
EndProject
Project("{9A19103F-16F7-4668-BE54-9A1E7A4F7556}") = "Question 2", "Question 2\Question 2.csproj", "{F3F6B230-00E8-47C8-8A19-15D73BA427EC}"
EndProject
Project("{9A19103F-16F7-4668-BE54-9A1E7A4F7556}") = "Question 3", "Question 3\Question 3.csproj", "{F56FED8D-2BAF-4086-9A8A-BAA16E924B41}"
EndProject
Project("{9A19103F-16F7-4668-BE54-9A1E7A4F7556}") = "Question 4", "Question 4\Question 4.csproj", "{783CC1D2-E2A6-498D-BB17-78266EF52A8B}"
EndProject
Project("{FAE04EC0-301F-11D3-BF4B-00C04F79EFBC}") = "Question 5", "Question 5\Question 5.csproj", "{4620233A-241E-4EA1-95C6-B1D3009AA962}"
EndProject
Global
	GlobalSection(SolutionConfigurationPlatforms) = preSolution
		Debug|Any CPU = Debug|Any CPU
		Release|Any CPU = Release|Any CPU
	EndGlobalSection
	GlobalSection(ProjectConfigurationPlatforms) = postSolution
		{6583F2C2-C4CC-4864-8812-E8E01DFD6B52}.Debug|Any CPU.ActiveCfg = Debug|Any CPU
		{6583F2C2-C4CC-4864-8812-E8E01DFD6B52}.Debug|Any CPU.Build.0 = Debug|Any CPU
		{6583F2C2-C4CC-4864-8812-E8E01DFD6B52}.Release|Any CPU.ActiveCfg = Release|Any CPU
		{6583F2C2-C4CC-4864-8812-E8E01DFD6B52}.Release|Any CPU.Build.0 = Release|Any CPU
		{F3F6B230-00E8-47C8-8A19-15D73BA427EC}.Debug|Any CPU.ActiveCfg = Debug|Any CPU
		{F3F6B230-00E8-47C8-8A19-15D73BA427EC}.Debug|Any CPU.Build.0 = Debug|Any CPU
		{F3F6B230-00E8-47C8-8A19-15D73BA427EC}.Release|Any CPU.ActiveCfg = Release|Any CPU
		{F3F6B230-00E8-47C8-8A19-15D73BA427EC}.Release|Any CPU.Build.0 = Release|Any CPU
		{F56FED8D-2BAF-4086-9A8A-BAA16E924B41}.Debug|Any CPU.ActiveCfg = Debug|Any CPU
		{F56FED8D-2BAF-4086-9A8A-BAA16E924B41}.Debug|Any CPU.Build.0 = Debug|Any CPU
		{F56FED8D-2BAF-4086-9A8A-BAA16E924B41}.Release|Any CPU.ActiveCfg = Release|Any CPU
		{F56FED8D-2BAF-4086-9A8A-BAA16E924B41}.Release|Any CPU.Build.0 = Release|Any CPU
		{783CC1D2-E2A6-498D-BB17-78266EF52A8B}.Debug|Any CPU.ActiveCfg = Debug|Any CPU
		{783CC1D2-E2A6-498D-BB17-78266EF52A8B}.Debug|Any CPU.Build.0 = Debug|Any CPU
		{783CC1D2-E2A6-498D-BB17-78266EF52A8B}.Release|Any CPU.ActiveCfg = Release|Any CPU
		{783CC1D2-E2A6-498D-BB17-78266EF52A8B}.Release|Any CPU.Build.0 = Release|Any CPU
		{4620233A-241E-4EA1-95C6-B1D3009AA962}.Debug|Any CPU.ActiveCfg = Debug|Any CPU
		{4620233A-241E-4EA1-95C6-B1D3009AA962}.Debug|Any CPU.Build.0 = Debug|Any CPU
		{4620233A-241E-4EA1-95C6-B1D3009AA962}.Release|Any CPU.ActiveCfg = Release|Any CPU
		{4620233A-241E-4EA1-95C6-B1D3009AA962}.Release|Any CPU.Build.0 = Release|Any CPU
	EndGlobalSection
	GlobalSection(SolutionProperties) = preSolution
		HideSolutionNode = FALSE
	EndGlobalSection
	GlobalSection(ExtensibilityGlobals) = postSolution
		SolutionGuid = {1377FEF6-BB7E-4DD0-AC63-A1CE705A19C6}
	EndGlobalSection
EndGlobal
