
Microsoft Visual Studio Solution File, Format Version 12.00
# Visual Studio Version 17
VisualStudioVersion = 17.11.35327.3
MinimumVisualStudioVersion = 10.0.40219.1
Project("{FAE04EC0-301F-11D3-BF4B-00C04F79EFBC}") = "Week 2 - Functions Overview", "Week 2 - Functions Overview\Week 2 - Functions Overview.csproj", "{C4BCE255-E20F-4542-A005-F7902F1A31ED}"
EndProject
Project("{FAE04EC0-301F-11D3-BF4B-00C04F79EFBC}") = "Practice Exercises", "Practice Exercises\Practice Exercises.csproj", "{C93BE99A-A75C-41F2-A5B2-98C93DC95BCC}"
EndProject
Project("{FAE04EC0-301F-11D3-BF4B-00C04F79EFBC}") = "Function Practice", "Function Practice\Function Practice.csproj", "{E7211DAE-96FB-4C38-9CF9-887DB0261E1D}"
EndProject
Global
	GlobalSection(SolutionConfigurationPlatforms) = preSolution
		Debug|Any CPU = Debug|Any CPU
		Release|Any CPU = Release|Any CPU
	EndGlobalSection
	GlobalSection(ProjectConfigurationPlatforms) = postSolution
		{C4BCE255-E20F-4542-A005-F7902F1A31ED}.Debug|Any CPU.ActiveCfg = Debug|Any CPU
		{C4BCE255-E20F-4542-A005-F7902F1A31ED}.Debug|Any CPU.Build.0 = Debug|Any CPU
		{C4BCE255-E20F-4542-A005-F7902F1A31ED}.Release|Any CPU.ActiveCfg = Release|Any CPU
		{C4BCE255-E20F-4542-A005-F7902F1A31ED}.Release|Any CPU.Build.0 = Release|Any CPU
		{C93BE99A-A75C-41F2-A5B2-98C93DC95BCC}.Debug|Any CPU.ActiveCfg = Debug|Any CPU
		{C93BE99A-A75C-41F2-A5B2-98C93DC95BCC}.Debug|Any CPU.Build.0 = Debug|Any CPU
		{C93BE99A-A75C-41F2-A5B2-98C93DC95BCC}.Release|Any CPU.ActiveCfg = Release|Any CPU
		{C93BE99A-A75C-41F2-A5B2-98C93DC95BCC}.Release|Any CPU.Build.0 = Release|Any CPU
		{E7211DAE-96FB-4C38-9CF9-887DB0261E1D}.Debug|Any CPU.ActiveCfg = Debug|Any CPU
		{E7211DAE-96FB-4C38-9CF9-887DB0261E1D}.Debug|Any CPU.Build.0 = Debug|Any CPU
		{E7211DAE-96FB-4C38-9CF9-887DB0261E1D}.Release|Any CPU.ActiveCfg = Release|Any CPU
		{E7211DAE-96FB-4C38-9CF9-887DB0261E1D}.Release|Any CPU.Build.0 = Release|Any CPU
	EndGlobalSection
	GlobalSection(SolutionProperties) = preSolution
		HideSolutionNode = FALSE
	EndGlobalSection
	GlobalSection(ExtensibilityGlobals) = postSolution
		SolutionGuid = {ED67E42A-0BE8-4A99-B3CF-DACC327D4441}
	EndGlobalSection
EndGlobal
