
Microsoft Visual Studio Solution File, Format Version 12.00
# Visual Studio Version 17
VisualStudioVersion = 17.11.35327.3
MinimumVisualStudioVersion = 10.0.40219.1
Project("{FAE04EC0-301F-11D3-BF4B-00C04F79EFBC}") = "VGP133_Final_WenWu_Greivin", "VGP133_Final_WenWu_Greivin\VGP133_Final_WenWu_Greivin.csproj", "{A1293B4C-3BDC-4BC0-B53F-9DC846FCBE8A}"
EndProject
Global
	GlobalSection(SolutionConfigurationPlatforms) = preSolution
		Debug|Any CPU = Debug|Any CPU
		Release|Any CPU = Release|Any CPU
	EndGlobalSection
	GlobalSection(ProjectConfigurationPlatforms) = postSolution
		{A1293B4C-3BDC-4BC0-B53F-9DC846FCBE8A}.Debug|Any CPU.ActiveCfg = Debug|Any CPU
		{A1293B4C-3BDC-4BC0-B53F-9DC846FCBE8A}.Debug|Any CPU.Build.0 = Debug|Any CPU
		{A1293B4C-3BDC-4BC0-B53F-9DC846FCBE8A}.Release|Any CPU.ActiveCfg = Release|Any CPU
		{A1293B4C-3BDC-4BC0-B53F-9DC846FCBE8A}.Release|Any CPU.Build.0 = Release|Any CPU
	EndGlobalSection
	GlobalSection(SolutionProperties) = preSolution
		HideSolutionNode = FALSE
	EndGlobalSection
	GlobalSection(ExtensibilityGlobals) = postSolution
		SolutionGuid = {8BA1B9E8-2D9B-4968-8C8D-920B9EC69AC4}
	EndGlobalSection
EndGlobal
