
Microsoft Visual Studio Solution File, Format Version 12.00
# Visual Studio Version 17
VisualStudioVersion = 17.11.35327.3
MinimumVisualStudioVersion = 10.0.40219.1
Project("{FAE04EC0-301F-11D3-BF4B-00C04F79EFBC}") = "Week 1 - FirstFile", "Week 1 - FirstFile\Week 1 - FirstFile.csproj", "{1026F49A-0B9D-4A36-A91F-E94F18D724C2}"
EndProject
Project("{FAE04EC0-301F-11D3-BF4B-00C04F79EFBC}") = "Exercise1", "Exercise1\Exercise1.csproj", "{DA4D09B5-CA23-4151-9B99-4EC01ED79EDC}"
EndProject
Project("{FAE04EC0-301F-11D3-BF4B-00C04F79EFBC}") = "More Exercises", "More Exercises\More Exercises.csproj", "{64964723-57F9-4926-89C8-DFF875E67A36}"
EndProject
Global
	GlobalSection(SolutionConfigurationPlatforms) = preSolution
		Debug|Any CPU = Debug|Any CPU
		Release|Any CPU = Release|Any CPU
	EndGlobalSection
	GlobalSection(ProjectConfigurationPlatforms) = postSolution
		{1026F49A-0B9D-4A36-A91F-E94F18D724C2}.Debug|Any CPU.ActiveCfg = Debug|Any CPU
		{1026F49A-0B9D-4A36-A91F-E94F18D724C2}.Debug|Any CPU.Build.0 = Debug|Any CPU
		{1026F49A-0B9D-4A36-A91F-E94F18D724C2}.Release|Any CPU.ActiveCfg = Release|Any CPU
		{1026F49A-0B9D-4A36-A91F-E94F18D724C2}.Release|Any CPU.Build.0 = Release|Any CPU
		{DA4D09B5-CA23-4151-9B99-4EC01ED79EDC}.Debug|Any CPU.ActiveCfg = Debug|Any CPU
		{DA4D09B5-CA23-4151-9B99-4EC01ED79EDC}.Debug|Any CPU.Build.0 = Debug|Any CPU
		{DA4D09B5-CA23-4151-9B99-4EC01ED79EDC}.Release|Any CPU.ActiveCfg = Release|Any CPU
		{DA4D09B5-CA23-4151-9B99-4EC01ED79EDC}.Release|Any CPU.Build.0 = Release|Any CPU
		{64964723-57F9-4926-89C8-DFF875E67A36}.Debug|Any CPU.ActiveCfg = Debug|Any CPU
		{64964723-57F9-4926-89C8-DFF875E67A36}.Debug|Any CPU.Build.0 = Debug|Any CPU
		{64964723-57F9-4926-89C8-DFF875E67A36}.Release|Any CPU.ActiveCfg = Release|Any CPU
		{64964723-57F9-4926-89C8-DFF875E67A36}.Release|Any CPU.Build.0 = Release|Any CPU
	EndGlobalSection
	GlobalSection(SolutionProperties) = preSolution
		HideSolutionNode = FALSE
	EndGlobalSection
	GlobalSection(ExtensibilityGlobals) = postSolution
		SolutionGuid = {51D5D375-F438-47A3-B28D-048166E02175}
	EndGlobalSection
EndGlobal
